
Microsoft Visual Studio Solution File, Format Version 12.00
# Visual Studio Version 17
VisualStudioVersion = 17.9.34728.123
MinimumVisualStudioVersion = 10.0.40219.1
Project("{FAE04EC0-301F-11D3-BF4B-00C04F79EFBC}") = "ImageDisplay", "ImageDisplay\ImageDisplay.csproj", "{CDB9C69A-9862-4F56-A977-89B7E83C402E}"
EndProject
Global
	GlobalSection(SolutionConfigurationPlatforms) = preSolution
		Debug|Any CPU = Debug|Any CPU
		Release|Any CPU = Release|Any CPU
	EndGlobalSection
	GlobalSection(ProjectConfigurationPlatforms) = postSolution
		{CDB9C69A-9862-4F56-A977-89B7E83C402E}.Debug|Any CPU.ActiveCfg = Debug|Any CPU
		{CDB9C69A-9862-4F56-A977-89B7E83C402E}.Debug|Any CPU.Build.0 = Debug|Any CPU
		{CDB9C69A-9862-4F56-A977-89B7E83C402E}.Release|Any CPU.ActiveCfg = Release|Any CPU
		{CDB9C69A-9862-4F56-A977-89B7E83C402E}.Release|Any CPU.Build.0 = Release|Any CPU
	EndGlobalSection
	GlobalSection(SolutionProperties) = preSolution
		HideSolutionNode = FALSE
	EndGlobalSection
	GlobalSection(ExtensibilityGlobals) = postSolution
		SolutionGuid = {082C7B09-9E5E-416A-97B3-AE6544F5E397}
	EndGlobalSection
EndGlobal
